// !$*UTF8*$!
{
	archiveVersion = 1;
	classes = {
	};
	objectVersion = 56;
	objects = {

/* Begin PBXBuildFile section */
		371C73B62BE1A49A0049B5E3 /* OpenMeteoSdk in Frameworks */ = {isa = PBXBuildFile; productRef = 371C73B52BE1A49A0049B5E3 /* OpenMeteoSdk */; };
		371C73B82BE1A5040049B5E3 /* FetchWeather.swift in Sources */ = {isa = PBXBuildFile; fileRef = 371C73B72BE1A5040049B5E3 /* FetchWeather.swift */; };
		371C73BA2BE1BC9E0049B5E3 /* WeatherAppApp.swift in Sources */ = {isa = PBXBuildFile; fileRef = 371C73B92BE1BC9E0049B5E3 /* WeatherAppApp.swift */; };
		3753FB4E2BE19F2D002CC46B /* WeatherButton.swift in Sources */ = {isa = PBXBuildFile; fileRef = 3753FB4D2BE19F2D002CC46B /* WeatherButton.swift */; };
		3766634D2BE5BAB7003EB27F /* hourlyW.swift in Sources */ = {isa = PBXBuildFile; fileRef = 3766634C2BE5BAB6003EB27F /* hourlyW.swift */; };
		3794B9AC2BE72D5B009E8F2F /* windManager.swift in Sources */ = {isa = PBXBuildFile; fileRef = 3794B9AB2BE72D5B009E8F2F /* windManager.swift */; };
		37B7AB692BE192B50052AD5E /* ContentView.swift in Sources */ = {isa = PBXBuildFile; fileRef = 37B7AB682BE192B50052AD5E /* ContentView.swift */; };
		37B7AB6B2BE192B70052AD5E /* Assets.xcassets in Resources */ = {isa = PBXBuildFile; fileRef = 37B7AB6A2BE192B70052AD5E /* Assets.xcassets */; };
		37B7AB6E2BE192B70052AD5E /* Preview Assets.xcassets in Resources */ = {isa = PBXBuildFile; fileRef = 37B7AB6D2BE192B70052AD5E /* Preview Assets.xcassets */; };
		37B9D91E2BE33DCC0018EFE0 /* BackgroundView.swift in Sources */ = {isa = PBXBuildFile; fileRef = 37B9D91D2BE33DCC0018EFE0 /* BackgroundView.swift */; };
		37B9D9202BE33E4D0018EFE0 /* CityTextView.swift in Sources */ = {isa = PBXBuildFile; fileRef = 37B9D91F2BE33E4D0018EFE0 /* CityTextView.swift */; };
		37B9D9222BE33E6B0018EFE0 /* MainWeatherStatus.swift in Sources */ = {isa = PBXBuildFile; fileRef = 37B9D9212BE33E6B0018EFE0 /* MainWeatherStatus.swift */; };
		37B9D9242BE343240018EFE0 /* Video.swift in Sources */ = {isa = PBXBuildFile; fileRef = 37B9D9232BE343240018EFE0 /* Video.swift */; };
		37BEEFF22BE707370059C730 /* GetLocation.swift in Sources */ = {isa = PBXBuildFile; fileRef = 37BEEFF12BE707370059C730 /* GetLocation.swift */; };
		37BEEFF52BE70D530059C730 /* HourlyWeather.swift in Sources */ = {isa = PBXBuildFile; fileRef = 37BEEFF42BE70D530059C730 /* HourlyWeather.swift */; };
/* End PBXBuildFile section */

/* Begin PBXFileReference section */
		371C73B72BE1A5040049B5E3 /* FetchWeather.swift */ = {isa = PBXFileReference; lastKnownFileType = sourcecode.swift; path = FetchWeather.swift; sourceTree = "<group>"; };
		371C73B92BE1BC9E0049B5E3 /* WeatherAppApp.swift */ = {isa = PBXFileReference; lastKnownFileType = sourcecode.swift; path = WeatherAppApp.swift; sourceTree = "<group>"; };
		371C73BB2BE1D65B0049B5E3 /* sampleDebug.entitlements */ = {isa = PBXFileReference; lastKnownFileType = text.plist.entitlements; path = sampleDebug.entitlements; sourceTree = "<group>"; };
		3753FB4D2BE19F2D002CC46B /* WeatherButton.swift */ = {isa = PBXFileReference; lastKnownFileType = sourcecode.swift; path = WeatherButton.swift; sourceTree = "<group>"; };
		3766634C2BE5BAB6003EB27F /* hourlyW.swift */ = {isa = PBXFileReference; lastKnownFileType = sourcecode.swift; path = hourlyW.swift; sourceTree = "<group>"; };
		3794B9AB2BE72D5B009E8F2F /* windManager.swift */ = {isa = PBXFileReference; lastKnownFileType = sourcecode.swift; path = windManager.swift; sourceTree = "<group>"; };
		37B7AB632BE192B50052AD5E /* sample.app */ = {isa = PBXFileReference; explicitFileType = wrapper.application; includeInIndex = 0; path = sample.app; sourceTree = BUILT_PRODUCTS_DIR; };
		37B7AB682BE192B50052AD5E /* ContentView.swift */ = {isa = PBXFileReference; lastKnownFileType = sourcecode.swift; path = ContentView.swift; sourceTree = "<group>"; };
		37B7AB6A2BE192B70052AD5E /* Assets.xcassets */ = {isa = PBXFileReference; lastKnownFileType = folder.assetcatalog; path = Assets.xcassets; sourceTree = "<group>"; };
		37B7AB6D2BE192B70052AD5E /* Preview Assets.xcassets */ = {isa = PBXFileReference; lastKnownFileType = folder.assetcatalog; path = "Preview Assets.xcassets"; sourceTree = "<group>"; };
		37B9D91D2BE33DCC0018EFE0 /* BackgroundView.swift */ = {isa = PBXFileReference; lastKnownFileType = sourcecode.swift; path = BackgroundView.swift; sourceTree = "<group>"; };
		37B9D91F2BE33E4D0018EFE0 /* CityTextView.swift */ = {isa = PBXFileReference; lastKnownFileType = sourcecode.swift; path = CityTextView.swift; sourceTree = "<group>"; };
		37B9D9212BE33E6B0018EFE0 /* MainWeatherStatus.swift */ = {isa = PBXFileReference; lastKnownFileType = sourcecode.swift; path = MainWeatherStatus.swift; sourceTree = "<group>"; };
		37B9D9232BE343240018EFE0 /* Video.swift */ = {isa = PBXFileReference; lastKnownFileType = sourcecode.swift; path = Video.swift; sourceTree = "<group>"; };
		37BEEFF12BE707370059C730 /* GetLocation.swift */ = {isa = PBXFileReference; lastKnownFileType = sourcecode.swift; path = GetLocation.swift; sourceTree = "<group>"; };
		37BEEFF32BE70A750059C730 /* Info.plist */ = {isa = PBXFileReference; lastKnownFileType = text.plist; path = Info.plist; sourceTree = "<group>"; };
		37BEEFF42BE70D530059C730 /* HourlyWeather.swift */ = {isa = PBXFileReference; lastKnownFileType = sourcecode.swift; path = HourlyWeather.swift; sourceTree = "<group>"; };
/* End PBXFileReference section */

/* Begin PBXFrameworksBuildPhase section */
		37B7AB602BE192B50052AD5E /* Frameworks */ = {
			isa = PBXFrameworksBuildPhase;
			buildActionMask = 2147483647;
			files = (
				371C73B62BE1A49A0049B5E3 /* OpenMeteoSdk in Frameworks */,
			);
			runOnlyForDeploymentPostprocessing = 0;
		};
/* End PBXFrameworksBuildPhase section */

/* Begin PBXGroup section */
		37B7AB5A2BE192B50052AD5E = {
			isa = PBXGroup;
			children = (
				37B7AB652BE192B50052AD5E /* sample */,
				37B7AB642BE192B50052AD5E /* Products */,
			);
			sourceTree = "<group>";
		};
		37B7AB642BE192B50052AD5E /* Products */ = {
			isa = PBXGroup;
			children = (
				37B7AB632BE192B50052AD5E /* sample.app */,
			);
			name = Products;
			sourceTree = "<group>";
		};
		37B7AB652BE192B50052AD5E /* sample */ = {
			isa = PBXGroup;
			children = (
				37BEEFF32BE70A750059C730 /* Info.plist */,
				371C73BB2BE1D65B0049B5E3 /* sampleDebug.entitlements */,
				37B7AB682BE192B50052AD5E /* ContentView.swift */,
				3794B9AB2BE72D5B009E8F2F /* windManager.swift */,
				37BEEFF42BE70D530059C730 /* HourlyWeather.swift */,
				37BEEFF12BE707370059C730 /* GetLocation.swift */,
				37B9D91C2BE33D840018EFE0 /* Content */,
				371C73B72BE1A5040049B5E3 /* FetchWeather.swift */,
				371C73B92BE1BC9E0049B5E3 /* WeatherAppApp.swift */,
				37B7AB6A2BE192B70052AD5E /* Assets.xcassets */,
				37B7AB6C2BE192B70052AD5E /* Preview Content */,
			);
			path = sample;
			sourceTree = "<group>";
		};
		37B7AB6C2BE192B70052AD5E /* Preview Content */ = {
			isa = PBXGroup;
			children = (
				37B7AB6D2BE192B70052AD5E /* Preview Assets.xcassets */,
			);
			path = "Preview Content";
			sourceTree = "<group>";
		};
		37B9D91C2BE33D840018EFE0 /* Content */ = {
			isa = PBXGroup;
			children = (
				3753FB4D2BE19F2D002CC46B /* WeatherButton.swift */,
				37B9D91D2BE33DCC0018EFE0 /* BackgroundView.swift */,
				37B9D91F2BE33E4D0018EFE0 /* CityTextView.swift */,
				37B9D9212BE33E6B0018EFE0 /* MainWeatherStatus.swift */,
				37B9D9232BE343240018EFE0 /* Video.swift */,
				3766634C2BE5BAB6003EB27F /* hourlyW.swift */,
			);
			path = Content;
			sourceTree = "<group>";
		};
/* End PBXGroup section */

/* Begin PBXNativeTarget section */
		37B7AB622BE192B50052AD5E /* sample */ = {
			isa = PBXNativeTarget;
			buildConfigurationList = 37B7AB712BE192B70052AD5E /* Build configuration list for PBXNativeTarget "sample" */;
			buildPhases = (
				37B7AB5F2BE192B50052AD5E /* Sources */,
				37B7AB602BE192B50052AD5E /* Frameworks */,
				37B7AB612BE192B50052AD5E /* Resources */,
			);
			buildRules = (
			);
			dependencies = (
			);
			name = sample;
			packageProductDependencies = (
				371C73B52BE1A49A0049B5E3 /* OpenMeteoSdk */,
			);
			productName = sample;
			productReference = 37B7AB632BE192B50052AD5E /* sample.app */;
			productType = "com.apple.product-type.application";
		};
/* End PBXNativeTarget section */

/* Begin PBXProject section */
		37B7AB5B2BE192B50052AD5E /* Project object */ = {
			isa = PBXProject;
			attributes = {
				BuildIndependentTargetsInParallel = 1;
				LastSwiftUpdateCheck = 1500;
				LastUpgradeCheck = 1500;
				TargetAttributes = {
					37B7AB622BE192B50052AD5E = {
						CreatedOnToolsVersion = 15.0.1;
					};
				};
			};
			buildConfigurationList = 37B7AB5E2BE192B50052AD5E /* Build configuration list for PBXProject "sample" */;
			compatibilityVersion = "Xcode 14.0";
			developmentRegion = en;
			hasScannedForEncodings = 0;
			knownRegions = (
				en,
				Base,
			);
			mainGroup = 37B7AB5A2BE192B50052AD5E;
			packageReferences = (
				371C73B42BE1A49A0049B5E3 /* XCRemoteSwiftPackageReference "sdk" */,
			);
			productRefGroup = 37B7AB642BE192B50052AD5E /* Products */;
			projectDirPath = "";
			projectRoot = "";
			targets = (
				37B7AB622BE192B50052AD5E /* sample */,
			);
		};
/* End PBXProject section */

/* Begin PBXResourcesBuildPhase section */
		37B7AB612BE192B50052AD5E /* Resources */ = {
			isa = PBXResourcesBuildPhase;
			buildActionMask = 2147483647;
			files = (
				37B7AB6E2BE192B70052AD5E /* Preview Assets.xcassets in Resources */,
				37B7AB6B2BE192B70052AD5E /* Assets.xcassets in Resources */,
			);
			runOnlyForDeploymentPostprocessing = 0;
		};
/* End PBXResourcesBuildPhase section */

/* Begin PBXSourcesBuildPhase section */
		37B7AB5F2BE192B50052AD5E /* Sources */ = {
			isa = PBXSourcesBuildPhase;
			buildActionMask = 2147483647;
			files = (
				37B9D91E2BE33DCC0018EFE0 /* BackgroundView.swift in Sources */,
				3766634D2BE5BAB7003EB27F /* hourlyW.swift in Sources */,
				37BEEFF52BE70D530059C730 /* HourlyWeather.swift in Sources */,
				37B9D9222BE33E6B0018EFE0 /* MainWeatherStatus.swift in Sources */,
				371C73BA2BE1BC9E0049B5E3 /* WeatherAppApp.swift in Sources */,
				37B9D9202BE33E4D0018EFE0 /* CityTextView.swift in Sources */,
				37B7AB692BE192B50052AD5E /* ContentView.swift in Sources */,
				37B9D9242BE343240018EFE0 /* Video.swift in Sources */,
				3753FB4E2BE19F2D002CC46B /* WeatherButton.swift in Sources */,
				3794B9AC2BE72D5B009E8F2F /* windManager.swift in Sources */,
				371C73B82BE1A5040049B5E3 /* FetchWeather.swift in Sources */,
				37BEEFF22BE707370059C730 /* GetLocation.swift in Sources */,
			);
			runOnlyForDeploymentPostprocessing = 0;
		};
/* End PBXSourcesBuildPhase section */

/* Begin XCBuildConfiguration section */
		37B7AB6F2BE192B70052AD5E /* Debug */ = {
			isa = XCBuildConfiguration;
			buildSettings = {
				ALWAYS_SEARCH_USER_PATHS = NO;
				ASSETCATALOG_COMPILER_GENERATE_SWIFT_ASSET_SYMBOL_EXTENSIONS = YES;
				CLANG_ANALYZER_NONNULL = YES;
				CLANG_ANALYZER_NUMBER_OBJECT_CONVERSION = YES_AGGRESSIVE;
				CLANG_CXX_LANGUAGE_STANDARD = "gnu++20";
				CLANG_ENABLE_MODULES = YES;
				CLANG_ENABLE_OBJC_ARC = YES;
				CLANG_ENABLE_OBJC_WEAK = YES;
				CLANG_WARN_BLOCK_CAPTURE_AUTORELEASING = YES;
				CLANG_WARN_BOOL_CONVERSION = YES;
				CLANG_WARN_COMMA = YES;
				CLANG_WARN_CONSTANT_CONVERSION = YES;
				CLANG_WARN_DEPRECATED_OBJC_IMPLEMENTATIONS = YES;
				CLANG_WARN_DIRECT_OBJC_ISA_USAGE = YES_ERROR;
				CLANG_WARN_DOCUMENTATION_COMMENTS = YES;
				CLANG_WARN_EMPTY_BODY = YES;
				CLANG_WARN_ENUM_CONVERSION = YES;
				CLANG_WARN_INFINITE_RECURSION = YES;
				CLANG_WARN_INT_CONVERSION = YES;
				CLANG_WARN_NON_LITERAL_NULL_CONVERSION = YES;
				CLANG_WARN_OBJC_IMPLICIT_RETAIN_SELF = YES;
				CLANG_WARN_OBJC_LITERAL_CONVERSION = YES;
				CLANG_WARN_OBJC_ROOT_CLASS = YES_ERROR;
				CLANG_WARN_QUOTED_INCLUDE_IN_FRAMEWORK_HEADER = YES;
				CLANG_WARN_RANGE_LOOP_ANALYSIS = YES;
				CLANG_WARN_STRICT_PROTOTYPES = YES;
				CLANG_WARN_SUSPICIOUS_MOVE = YES;
				CLANG_WARN_UNGUARDED_AVAILABILITY = YES_AGGRESSIVE;
				CLANG_WARN_UNREACHABLE_CODE = YES;
				CLANG_WARN__DUPLICATE_METHOD_MATCH = YES;
				COPY_PHASE_STRIP = NO;
				DEBUG_INFORMATION_FORMAT = dwarf;
				ENABLE_STRICT_OBJC_MSGSEND = YES;
				ENABLE_TESTABILITY = YES;
				ENABLE_USER_SCRIPT_SANDBOXING = YES;
				GCC_C_LANGUAGE_STANDARD = gnu17;
				GCC_DYNAMIC_NO_PIC = NO;
				GCC_NO_COMMON_BLOCKS = YES;
				GCC_OPTIMIZATION_LEVEL = 0;
				GCC_PREPROCESSOR_DEFINITIONS = (
					"DEBUG=1",
					"$(inherited)",
				);
				GCC_WARN_64_TO_32_BIT_CONVERSION = YES;
				GCC_WARN_ABOUT_RETURN_TYPE = YES_ERROR;
				GCC_WARN_UNDECLARED_SELECTOR = YES;
				GCC_WARN_UNINITIALIZED_AUTOS = YES_AGGRESSIVE;
				GCC_WARN_UNUSED_FUNCTION = YES;
				GCC_WARN_UNUSED_VARIABLE = YES;
				IPHONEOS_DEPLOYMENT_TARGET = 17.0;
				LOCALIZATION_PREFERS_STRING_CATALOGS = YES;
				MTL_ENABLE_DEBUG_INFO = INCLUDE_SOURCE;
				MTL_FAST_MATH = YES;
				ONLY_ACTIVE_ARCH = YES;
				SDKROOT = iphoneos;
				SWIFT_ACTIVE_COMPILATION_CONDITIONS = "DEBUG $(inherited)";
				SWIFT_OPTIMIZATION_LEVEL = "-Onone";
			};
			name = Debug;
		};
		37B7AB702BE192B70052AD5E /* Release */ = {
			isa = XCBuildConfiguration;
			buildSettings = {
				ALWAYS_SEARCH_USER_PATHS = NO;
				ASSETCATALOG_COMPILER_GENERATE_SWIFT_ASSET_SYMBOL_EXTENSIONS = YES;
				CLANG_ANALYZER_NONNULL = YES;
				CLANG_ANALYZER_NUMBER_OBJECT_CONVERSION = YES_AGGRESSIVE;
				CLANG_CXX_LANGUAGE_STANDARD = "gnu++20";
				CLANG_ENABLE_MODULES = YES;
				CLANG_ENABLE_OBJC_ARC = YES;
				CLANG_ENABLE_OBJC_WEAK = YES;
				CLANG_WARN_BLOCK_CAPTURE_AUTORELEASING = YES;
				CLANG_WARN_BOOL_CONVERSION = YES;
				CLANG_WARN_COMMA = YES;
				CLANG_WARN_CONSTANT_CONVERSION = YES;
				CLANG_WARN_DEPRECATED_OBJC_IMPLEMENTATIONS = YES;
				CLANG_WARN_DIRECT_OBJC_ISA_USAGE = YES_ERROR;
				CLANG_WARN_DOCUMENTATION_COMMENTS = YES;
				CLANG_WARN_EMPTY_BODY = YES;
				CLANG_WARN_ENUM_CONVERSION = YES;
				CLANG_WARN_INFINITE_RECURSION = YES;
				CLANG_WARN_INT_CONVERSION = YES;
				CLANG_WARN_NON_LITERAL_NULL_CONVERSION = YES;
				CLANG_WARN_OBJC_IMPLICIT_RETAIN_SELF = YES;
				CLANG_WARN_OBJC_LITERAL_CONVERSION = YES;
				CLANG_WARN_OBJC_ROOT_CLASS = YES_ERROR;
				CLANG_WARN_QUOTED_INCLUDE_IN_FRAMEWORK_HEADER = YES;
				CLANG_WARN_RANGE_LOOP_ANALYSIS = YES;
				CLANG_WARN_STRICT_PROTOTYPES = YES;
				CLANG_WARN_SUSPICIOUS_MOVE = YES;
				CLANG_WARN_UNGUARDED_AVAILABILITY = YES_AGGRESSIVE;
				CLANG_WARN_UNREACHABLE_CODE = YES;
				CLANG_WARN__DUPLICATE_METHOD_MATCH = YES;
				COPY_PHASE_STRIP = NO;
				DEBUG_INFORMATION_FORMAT = "dwarf-with-dsym";
				ENABLE_NS_ASSERTIONS = NO;
				ENABLE_STRICT_OBJC_MSGSEND = YES;
				ENABLE_USER_SCRIPT_SANDBOXING = YES;
				GCC_C_LANGUAGE_STANDARD = gnu17;
				GCC_NO_COMMON_BLOCKS = YES;
				GCC_WARN_64_TO_32_BIT_CONVERSION = YES;
				GCC_WARN_ABOUT_RETURN_TYPE = YES_ERROR;
				GCC_WARN_UNDECLARED_SELECTOR = YES;
				GCC_WARN_UNINITIALIZED_AUTOS = YES_AGGRESSIVE;
				GCC_WARN_UNUSED_FUNCTION = YES;
				GCC_WARN_UNUSED_VARIABLE = YES;
				IPHONEOS_DEPLOYMENT_TARGET = 17.0;
				LOCALIZATION_PREFERS_STRING_CATALOGS = YES;
				MTL_ENABLE_DEBUG_INFO = NO;
				MTL_FAST_MATH = YES;
				SDKROOT = iphoneos;
				SWIFT_COMPILATION_MODE = wholemodule;
				VALIDATE_PRODUCT = YES;
			};
			name = Release;
		};
		37B7AB722BE192B70052AD5E /* Debug */ = {
			isa = XCBuildConfiguration;
			buildSettings = {
				ASSETCATALOG_COMPILER_APPICON_NAME = AppIcon;
				ASSETCATALOG_COMPILER_GLOBAL_ACCENT_COLOR_NAME = AccentColor;
				ASSETCATALOG_COMPILER_INCLUDE_ALL_APPICON_ASSETS = YES;
				CODE_SIGN_ENTITLEMENTS = sample/sampleDebug.entitlements;
				CODE_SIGN_IDENTITY = "Apple Development";
				CODE_SIGN_STYLE = Automatic;
				CURRENT_PROJECT_VERSION = 1;
				DEVELOPMENT_ASSET_PATHS = "\"sample/Preview Content\"";
				DEVELOPMENT_TEAM = 33W4L68CTX;
				ENABLE_PREVIEWS = YES;
				GENERATE_INFOPLIST_FILE = YES;
				INFOPLIST_FILE = sample/Info.plist;
				INFOPLIST_KEY_CFBundleDisplayName = Weather;
				INFOPLIST_KEY_LSApplicationCategoryType = "public.app-category.weather";
				INFOPLIST_KEY_NSLocationWhenInUseUsageDescription = "We need you location to scam you";
				INFOPLIST_KEY_UIApplicationSceneManifest_Generation = YES;
				INFOPLIST_KEY_UIApplicationSupportsIndirectInputEvents = YES;
				INFOPLIST_KEY_UILaunchScreen_Generation = YES;
				INFOPLIST_KEY_UISupportedInterfaceOrientations = "UIInterfaceOrientationPortrait UIInterfaceOrientationPortraitUpsideDown";
				INFOPLIST_KEY_UISupportedInterfaceOrientations_iPad = "UIInterfaceOrientationLandscapeLeft UIInterfaceOrientationLandscapeRight UIInterfaceOrientationPortrait UIInterfaceOrientationPortraitUpsideDown";
				LD_RUNPATH_SEARCH_PATHS = (
					"$(inherited)",
					"@executable_path/Frameworks",
				);
				MARKETING_VERSION = 1.0;
				PRODUCT_BUNDLE_IDENTIFIER = ABCD.sample;
				PRODUCT_NAME = "$(TARGET_NAME)";
				PROVISIONING_PROFILE_SPECIFIER = "";
				SWIFT_EMIT_LOC_STRINGS = YES;
				SWIFT_VERSION = 5.0;
				TARGETED_DEVICE_FAMILY = "1,2";
			};
			name = Debug;
		};
		37B7AB732BE192B70052AD5E /* Release */ = {
			isa = XCBuildConfiguration;
			buildSettings = {
				ASSETCATALOG_COMPILER_APPICON_NAME = AppIcon;
				ASSETCATALOG_COMPILER_GLOBAL_ACCENT_COLOR_NAME = AccentColor;
				ASSETCATALOG_COMPILER_INCLUDE_ALL_APPICON_ASSETS = YES;
				CODE_SIGN_IDENTITY = "Apple Development";
				CODE_SIGN_STYLE = Automatic;
				CURRENT_PROJECT_VERSION = 1;
				DEVELOPMENT_ASSET_PATHS = "\"sample/Preview Content\"";
				DEVELOPMENT_TEAM = 33W4L68CTX;
				ENABLE_PREVIEWS = YES;
				GENERATE_INFOPLIST_FILE = YES;
				INFOPLIST_FILE = sample/Info.plist;
				INFOPLIST_KEY_CFBundleDisplayName = Weather;
				INFOPLIST_KEY_LSApplicationCategoryType = "public.app-category.weather";
				INFOPLIST_KEY_NSLocationWhenInUseUsageDescription = "We need you location to scam you";
				INFOPLIST_KEY_UIApplicationSceneManifest_Generation = YES;
				INFOPLIST_KEY_UIApplicationSupportsIndirectInputEvents = YES;
				INFOPLIST_KEY_UILaunchScreen_Generation = YES;
				INFOPLIST_KEY_UISupportedInterfaceOrientations = "UIInterfaceOrientationPortrait UIInterfaceOrientationPortraitUpsideDown";
				INFOPLIST_KEY_UISupportedInterfaceOrientations_iPad = "UIInterfaceOrientationLandscapeLeft UIInterfaceOrientationLandscapeRight UIInterfaceOrientationPortrait UIInterfaceOrientationPortraitUpsideDown";
				LD_RUNPATH_SEARCH_PATHS = (
					"$(inherited)",
					"@executable_path/Frameworks",
				);
				MARKETING_VERSION = 1.0;
				PRODUCT_BUNDLE_IDENTIFIER = ABCD;
				PRODUCT_NAME = "$(TARGET_NAME)";
				PROVISIONING_PROFILE_SPECIFIER = "";
				SWIFT_EMIT_LOC_STRINGS = YES;
				SWIFT_VERSION = 5.0;
				TARGETED_DEVICE_FAMILY = "1,2";
			};
			name = Release;
		};
/* End XCBuildConfiguration section */

/* Begin XCConfigurationList section */
		37B7AB5E2BE192B50052AD5E /* Build configuration list for PBXProject "sample" */ = {
			isa = XCConfigurationList;
			buildConfigurations = (
				37B7AB6F2BE192B70052AD5E /* Debug */,
				37B7AB702BE192B70052AD5E /* Release */,
			);
			defaultConfigurationIsVisible = 0;
			defaultConfigurationName = Release;
		};
		37B7AB712BE192B70052AD5E /* Build configuration list for PBXNativeTarget "sample" */ = {
			isa = XCConfigurationList;
			buildConfigurations = (
				37B7AB722BE192B70052AD5E /* Debug */,
				37B7AB732BE192B70052AD5E /* Release */,
			);
			defaultConfigurationIsVisible = 0;
			defaultConfigurationName = Release;
		};
/* End XCConfigurationList section */

/* Begin XCRemoteSwiftPackageReference section */
		371C73B42BE1A49A0049B5E3 /* XCRemoteSwiftPackageReference "sdk" */ = {
			isa = XCRemoteSwiftPackageReference;
			repositoryURL = "https://github.com/open-meteo/sdk.git";
			requirement = {
				branch = main;
				kind = branch;
			};
		};
/* End XCRemoteSwiftPackageReference section */

/* Begin XCSwiftPackageProductDependency section */
		371C73B52BE1A49A0049B5E3 /* OpenMeteoSdk */ = {
			isa = XCSwiftPackageProductDependency;
			package = 371C73B42BE1A49A0049B5E3 /* XCRemoteSwiftPackageReference "sdk" */;
			productName = OpenMeteoSdk;
		};
/* End XCSwiftPackageProductDependency section */
	};
	rootObject = 37B7AB5B2BE192B50052AD5E /* Project object */;
}
